
Microsoft Visual Studio Solution File, Format Version 12.00
# Visual Studio Version 17
VisualStudioVersion = 17.3.32901.215
MinimumVisualStudioVersion = 10.0.40219.1
Project("{2150E333-8FDC-42A3-9474-1A3956D46DE8}") = "Server", "Server", "{D0126DD0-62DE-439B-979B-DCB2C1A868CC}"
EndProject
Project("{2150E333-8FDC-42A3-9474-1A3956D46DE8}") = "Client", "Client", "{DA9CB36A-472F-4010-AA47-FA422D53F473}"
EndProject
Project("{2150E333-8FDC-42A3-9474-1A3956D46DE8}") = "0. Layer SeedWork", "0. Layer SeedWork", "{8E249E3A-90F4-4308-852F-65329905F48C}"
EndProject
Project("{2150E333-8FDC-42A3-9474-1A3956D46DE8}") = "1. Distributed Services", "1. Distributed Services", "{506712EC-6D15-42E5-93ED-78E05B63E641}"
EndProject
Project("{2150E333-8FDC-42A3-9474-1A3956D46DE8}") = "2. Application", "2. Application", "{E5FC1679-452E-4351-83E5-BCDDD1175A1F}"
EndProject
Project("{2150E333-8FDC-42A3-9474-1A3956D46DE8}") = "3. Domain", "3. Domain", "{3804993F-CE21-42D2-8E86-D15C3B65FE71}"
EndProject
Project("{2150E333-8FDC-42A3-9474-1A3956D46DE8}") = "4. Infrastructure", "4. Infrastructure", "{099058ED-AC65-41CD-9D31-9074AB54006C}"
EndProject
Project("{2150E333-8FDC-42A3-9474-1A3956D46DE8}") = "5. Test", "5. Test", "{4B1916C4-BA3A-448C-9E93-7D5C200B5A6F}"
EndProject
Project("{2150E333-8FDC-42A3-9474-1A3956D46DE8}") = "4.2 Data", "4.2 Data", "{2F7CFDAE-3138-445D-B80B-45510F27A850}"
EndProject
Project("{2150E333-8FDC-42A3-9474-1A3956D46DE8}") = "4.1 Cross Cutting", "4.1 Cross Cutting", "{6BF6698F-1C03-4543-BC26-B8212973BC61}"
EndProject
Project("{2150E333-8FDC-42A3-9474-1A3956D46DE8}") = "4.2.1 MainBoundedContext", "4.2.1 MainBoundedContext", "{A14823B2-910A-418F-BE0D-E442D82E7F2B}"
EndProject
Project("{9A19103F-16F7-4668-BE54-9A1E7A4F7556}") = "Prosegur.GAP.Repository", "Prosegur.GAP.Repository\Prosegur.GAP.Repository.csproj", "{759EEE2D-6A35-4EFF-AD7B-E99C1ECB71A5}"
EndProject
Project("{2150E333-8FDC-42A3-9474-1A3956D46DE8}") = "1.1 Web API", "1.1 Web API", "{871907A8-C5DA-4BC2-A7E4-08A4579A019E}"
EndProject
Project("{9A19103F-16F7-4668-BE54-9A1E7A4F7556}") = "Prosegur.GAP.WebAPI", "Prosegur.GAP.WebAPI\Prosegur.GAP.WebAPI.csproj", "{C7F37442-1F60-466A-994E-7DF1A8324E2E}"
EndProject
Project("{2150E333-8FDC-42A3-9474-1A3956D46DE8}") = "2.1 MainBoundedContext", "2.1 MainBoundedContext", "{3E471532-46ED-48BE-A3EF-FCA44287C56E}"
EndProject
Project("{9A19103F-16F7-4668-BE54-9A1E7A4F7556}") = "Prosegur.GAP.Application", "Prosegur.GAP.Application\Prosegur.GAP.Application.csproj", "{3B986542-3C19-4008-83DE-1A839C872CAA}"
EndProject
Project("{2150E333-8FDC-42A3-9474-1A3956D46DE8}") = "3.1 MainBoundedContext", "3.1 MainBoundedContext", "{D84255EC-0691-4686-9C7B-9903DEAD8339}"
EndProject
Project("{9A19103F-16F7-4668-BE54-9A1E7A4F7556}") = "Prosegur.GAP.Domain", "Prosegur.GAP.Domain\Prosegur.GAP.Domain.csproj", "{AB30EA79-0EF8-49FD-9A45-7C5C7E8F7399}"
EndProject
Project("{9A19103F-16F7-4668-BE54-9A1E7A4F7556}") = "Prosegur.GAP.Test", "Prosegur.GAP.Test\Prosegur.GAP.Test.csproj", "{FA1FACE2-03BE-416A-B241-A7657465AC0C}"
EndProject
Project("{9A19103F-16F7-4668-BE54-9A1E7A4F7556}") = "Prosegur.GAP.DTO", "Prosegur.GAP.DTO\Prosegur.GAP.DTO.csproj", "{48467102-4754-42A2-ADDE-E391A1D6D44D}"
EndProject
Project("{9A19103F-16F7-4668-BE54-9A1E7A4F7556}") = "Prosegur.GAP.Domain.Seedwork", "Prosegur.GAP.Domain.Seedwork\Prosegur.GAP.Domain.Seedwork.csproj", "{0F3C6C8B-3B3D-4A83-958D-E4960032CD31}"
EndProject
Project("{9A19103F-16F7-4668-BE54-9A1E7A4F7556}") = "Prosegur.GAP.Repository.Seedwork", "Prosegur.GAP.Repository.Seedwork\Prosegur.GAP.Repository.Seedwork.csproj", "{AA9D3B65-3C2C-4676-B9B0-38DB7C32E30B}"
EndProject
Project("{FAE04EC0-301F-11D3-BF4B-00C04F79EFBC}") = "Prosegur.GAP.Infrastructure.CrossCutting", "Prosegur.GAP.Infrastructure.CrossCutting\Prosegur.GAP.Infrastructure.CrossCutting.csproj", "{9674B88B-AB2D-4A5B-8B64-4974E0CDE327}"
EndProject
Global
	GlobalSection(SolutionConfigurationPlatforms) = preSolution
		Debug|Any CPU = Debug|Any CPU
		Release|Any CPU = Release|Any CPU
	EndGlobalSection
	GlobalSection(ProjectConfigurationPlatforms) = postSolution
		{759EEE2D-6A35-4EFF-AD7B-E99C1ECB71A5}.Debug|Any CPU.ActiveCfg = Debug|Any CPU
		{759EEE2D-6A35-4EFF-AD7B-E99C1ECB71A5}.Debug|Any CPU.Build.0 = Debug|Any CPU
		{759EEE2D-6A35-4EFF-AD7B-E99C1ECB71A5}.Release|Any CPU.ActiveCfg = Release|Any CPU
		{759EEE2D-6A35-4EFF-AD7B-E99C1ECB71A5}.Release|Any CPU.Build.0 = Release|Any CPU
		{C7F37442-1F60-466A-994E-7DF1A8324E2E}.Debug|Any CPU.ActiveCfg = Debug|Any CPU
		{C7F37442-1F60-466A-994E-7DF1A8324E2E}.Debug|Any CPU.Build.0 = Debug|Any CPU
		{C7F37442-1F60-466A-994E-7DF1A8324E2E}.Release|Any CPU.ActiveCfg = Release|Any CPU
		{C7F37442-1F60-466A-994E-7DF1A8324E2E}.Release|Any CPU.Build.0 = Release|Any CPU
		{3B986542-3C19-4008-83DE-1A839C872CAA}.Debug|Any CPU.ActiveCfg = Debug|Any CPU
		{3B986542-3C19-4008-83DE-1A839C872CAA}.Debug|Any CPU.Build.0 = Debug|Any CPU
		{3B986542-3C19-4008-83DE-1A839C872CAA}.Release|Any CPU.ActiveCfg = Release|Any CPU
		{3B986542-3C19-4008-83DE-1A839C872CAA}.Release|Any CPU.Build.0 = Release|Any CPU
		{AB30EA79-0EF8-49FD-9A45-7C5C7E8F7399}.Debug|Any CPU.ActiveCfg = Debug|Any CPU
		{AB30EA79-0EF8-49FD-9A45-7C5C7E8F7399}.Debug|Any CPU.Build.0 = Debug|Any CPU
		{AB30EA79-0EF8-49FD-9A45-7C5C7E8F7399}.Release|Any CPU.ActiveCfg = Release|Any CPU
		{AB30EA79-0EF8-49FD-9A45-7C5C7E8F7399}.Release|Any CPU.Build.0 = Release|Any CPU
		{FA1FACE2-03BE-416A-B241-A7657465AC0C}.Debug|Any CPU.ActiveCfg = Debug|Any CPU
		{FA1FACE2-03BE-416A-B241-A7657465AC0C}.Debug|Any CPU.Build.0 = Debug|Any CPU
		{FA1FACE2-03BE-416A-B241-A7657465AC0C}.Release|Any CPU.ActiveCfg = Release|Any CPU
		{FA1FACE2-03BE-416A-B241-A7657465AC0C}.Release|Any CPU.Build.0 = Release|Any CPU
		{48467102-4754-42A2-ADDE-E391A1D6D44D}.Debug|Any CPU.ActiveCfg = Debug|Any CPU
		{48467102-4754-42A2-ADDE-E391A1D6D44D}.Debug|Any CPU.Build.0 = Debug|Any CPU
		{48467102-4754-42A2-ADDE-E391A1D6D44D}.Release|Any CPU.ActiveCfg = Release|Any CPU
		{48467102-4754-42A2-ADDE-E391A1D6D44D}.Release|Any CPU.Build.0 = Release|Any CPU
		{0F3C6C8B-3B3D-4A83-958D-E4960032CD31}.Debug|Any CPU.ActiveCfg = Debug|Any CPU
		{0F3C6C8B-3B3D-4A83-958D-E4960032CD31}.Debug|Any CPU.Build.0 = Debug|Any CPU
		{0F3C6C8B-3B3D-4A83-958D-E4960032CD31}.Release|Any CPU.ActiveCfg = Release|Any CPU
		{0F3C6C8B-3B3D-4A83-958D-E4960032CD31}.Release|Any CPU.Build.0 = Release|Any CPU
		{AA9D3B65-3C2C-4676-B9B0-38DB7C32E30B}.Debug|Any CPU.ActiveCfg = Debug|Any CPU
		{AA9D3B65-3C2C-4676-B9B0-38DB7C32E30B}.Debug|Any CPU.Build.0 = Debug|Any CPU
		{AA9D3B65-3C2C-4676-B9B0-38DB7C32E30B}.Release|Any CPU.ActiveCfg = Release|Any CPU
		{AA9D3B65-3C2C-4676-B9B0-38DB7C32E30B}.Release|Any CPU.Build.0 = Release|Any CPU
		{9674B88B-AB2D-4A5B-8B64-4974E0CDE327}.Debug|Any CPU.ActiveCfg = Debug|Any CPU
		{9674B88B-AB2D-4A5B-8B64-4974E0CDE327}.Debug|Any CPU.Build.0 = Debug|Any CPU
		{9674B88B-AB2D-4A5B-8B64-4974E0CDE327}.Release|Any CPU.ActiveCfg = Release|Any CPU
		{9674B88B-AB2D-4A5B-8B64-4974E0CDE327}.Release|Any CPU.Build.0 = Release|Any CPU
	EndGlobalSection
	GlobalSection(SolutionProperties) = preSolution
		HideSolutionNode = FALSE
	EndGlobalSection
	GlobalSection(NestedProjects) = preSolution
		{8E249E3A-90F4-4308-852F-65329905F48C} = {D0126DD0-62DE-439B-979B-DCB2C1A868CC}
		{506712EC-6D15-42E5-93ED-78E05B63E641} = {D0126DD0-62DE-439B-979B-DCB2C1A868CC}
		{E5FC1679-452E-4351-83E5-BCDDD1175A1F} = {D0126DD0-62DE-439B-979B-DCB2C1A868CC}
		{3804993F-CE21-42D2-8E86-D15C3B65FE71} = {D0126DD0-62DE-439B-979B-DCB2C1A868CC}
		{099058ED-AC65-41CD-9D31-9074AB54006C} = {D0126DD0-62DE-439B-979B-DCB2C1A868CC}
		{4B1916C4-BA3A-448C-9E93-7D5C200B5A6F} = {D0126DD0-62DE-439B-979B-DCB2C1A868CC}
		{2F7CFDAE-3138-445D-B80B-45510F27A850} = {099058ED-AC65-41CD-9D31-9074AB54006C}
		{6BF6698F-1C03-4543-BC26-B8212973BC61} = {099058ED-AC65-41CD-9D31-9074AB54006C}
		{A14823B2-910A-418F-BE0D-E442D82E7F2B} = {2F7CFDAE-3138-445D-B80B-45510F27A850}
		{759EEE2D-6A35-4EFF-AD7B-E99C1ECB71A5} = {A14823B2-910A-418F-BE0D-E442D82E7F2B}
		{871907A8-C5DA-4BC2-A7E4-08A4579A019E} = {506712EC-6D15-42E5-93ED-78E05B63E641}
		{C7F37442-1F60-466A-994E-7DF1A8324E2E} = {871907A8-C5DA-4BC2-A7E4-08A4579A019E}
		{3E471532-46ED-48BE-A3EF-FCA44287C56E} = {E5FC1679-452E-4351-83E5-BCDDD1175A1F}
		{3B986542-3C19-4008-83DE-1A839C872CAA} = {3E471532-46ED-48BE-A3EF-FCA44287C56E}
		{D84255EC-0691-4686-9C7B-9903DEAD8339} = {3804993F-CE21-42D2-8E86-D15C3B65FE71}
		{AB30EA79-0EF8-49FD-9A45-7C5C7E8F7399} = {D84255EC-0691-4686-9C7B-9903DEAD8339}
		{FA1FACE2-03BE-416A-B241-A7657465AC0C} = {4B1916C4-BA3A-448C-9E93-7D5C200B5A6F}
		{48467102-4754-42A2-ADDE-E391A1D6D44D} = {6BF6698F-1C03-4543-BC26-B8212973BC61}
		{0F3C6C8B-3B3D-4A83-958D-E4960032CD31} = {8E249E3A-90F4-4308-852F-65329905F48C}
		{AA9D3B65-3C2C-4676-B9B0-38DB7C32E30B} = {8E249E3A-90F4-4308-852F-65329905F48C}
		{9674B88B-AB2D-4A5B-8B64-4974E0CDE327} = {6BF6698F-1C03-4543-BC26-B8212973BC61}
	EndGlobalSection
	GlobalSection(ExtensibilityGlobals) = postSolution
		SolutionGuid = {90C1B8CB-FE36-466F-870B-7CC17A46CD73}
	EndGlobalSection
EndGlobal
